
Microsoft Visual Studio Solution File, Format Version 11.00
# Visual Studio 2010
Project("{FAE04EC0-301F-11D3-BF4B-00C04F79EFBC}") = "inputGloveTestGUI", "inputGloveTestGUI\inputGloveTestGUI.csproj", "{06AD6BFA-CAD0-40F9-A990-38DCAB3C1953}"
EndProject
Project("{FAE04EC0-301F-11D3-BF4B-00C04F79EFBC}") = "arduinoLib", "..\arduinoLib\arduinoLib\arduinoLib.csproj", "{475F264D-3726-4937-887D-519BCC7AF62F}"
EndProject
Global
	GlobalSection(SolutionConfigurationPlatforms) = preSolution
		Debug|Any CPU = Debug|Any CPU
		Debug|Mixed Platforms = Debug|Mixed Platforms
		Debug|x86 = Debug|x86
		Release|Any CPU = Release|Any CPU
		Release|Mixed Platforms = Release|Mixed Platforms
		Release|x86 = Release|x86
	EndGlobalSection
	GlobalSection(ProjectConfigurationPlatforms) = postSolution
		{06AD6BFA-CAD0-40F9-A990-38DCAB3C1953}.Debug|Any CPU.ActiveCfg = Debug|x86
		{06AD6BFA-CAD0-40F9-A990-38DCAB3C1953}.Debug|Mixed Platforms.ActiveCfg = Debug|x86
		{06AD6BFA-CAD0-40F9-A990-38DCAB3C1953}.Debug|Mixed Platforms.Build.0 = Debug|x86
		{06AD6BFA-CAD0-40F9-A990-38DCAB3C1953}.Debug|x86.ActiveCfg = Debug|x86
		{06AD6BFA-CAD0-40F9-A990-38DCAB3C1953}.Debug|x86.Build.0 = Debug|x86
		{06AD6BFA-CAD0-40F9-A990-38DCAB3C1953}.Release|Any CPU.ActiveCfg = Release|x86
		{06AD6BFA-CAD0-40F9-A990-38DCAB3C1953}.Release|Mixed Platforms.ActiveCfg = Release|x86
		{06AD6BFA-CAD0-40F9-A990-38DCAB3C1953}.Release|Mixed Platforms.Build.0 = Release|x86
		{06AD6BFA-CAD0-40F9-A990-38DCAB3C1953}.Release|x86.ActiveCfg = Release|x86
		{06AD6BFA-CAD0-40F9-A990-38DCAB3C1953}.Release|x86.Build.0 = Release|x86
		{475F264D-3726-4937-887D-519BCC7AF62F}.Debug|Any CPU.ActiveCfg = Debug|Any CPU
		{475F264D-3726-4937-887D-519BCC7AF62F}.Debug|Any CPU.Build.0 = Debug|Any CPU
		{475F264D-3726-4937-887D-519BCC7AF62F}.Debug|Mixed Platforms.ActiveCfg = Debug|Any CPU
		{475F264D-3726-4937-887D-519BCC7AF62F}.Debug|Mixed Platforms.Build.0 = Debug|Any CPU
		{475F264D-3726-4937-887D-519BCC7AF62F}.Debug|x86.ActiveCfg = Debug|Any CPU
		{475F264D-3726-4937-887D-519BCC7AF62F}.Release|Any CPU.ActiveCfg = Release|Any CPU
		{475F264D-3726-4937-887D-519BCC7AF62F}.Release|Any CPU.Build.0 = Release|Any CPU
		{475F264D-3726-4937-887D-519BCC7AF62F}.Release|Mixed Platforms.ActiveCfg = Release|Any CPU
		{475F264D-3726-4937-887D-519BCC7AF62F}.Release|Mixed Platforms.Build.0 = Release|Any CPU
		{475F264D-3726-4937-887D-519BCC7AF62F}.Release|x86.ActiveCfg = Release|Any CPU
	EndGlobalSection
	GlobalSection(SolutionProperties) = preSolution
		HideSolutionNode = FALSE
	EndGlobalSection
EndGlobal
